
Microsoft Visual Studio Solution File, Format Version 11.00
# Visual Studio 2010
Project("{FAE04EC0-301F-11D3-BF4B-00C04F79EFBC}") = "CodeKataFizzBuzz", "CodeKataFizzBuzz\CodeKataFizzBuzz.csproj", "{884F1172-C33A-4E1A-AF40-44A26D08C652}"
EndProject
Global
	GlobalSection(SolutionConfigurationPlatforms) = preSolution
		Debug|x86 = Debug|x86
		Release|x86 = Release|x86
	EndGlobalSection
	GlobalSection(ProjectConfigurationPlatforms) = postSolution
		{884F1172-C33A-4E1A-AF40-44A26D08C652}.Debug|x86.ActiveCfg = Debug|x86
		{884F1172-C33A-4E1A-AF40-44A26D08C652}.Debug|x86.Build.0 = Debug|x86
		{884F1172-C33A-4E1A-AF40-44A26D08C652}.Release|x86.ActiveCfg = Release|x86
		{884F1172-C33A-4E1A-AF40-44A26D08C652}.Release|x86.Build.0 = Release|x86
	EndGlobalSection
	GlobalSection(SolutionProperties) = preSolution
		HideSolutionNode = FALSE
	EndGlobalSection
EndGlobal
